
Microsoft Visual Studio Solution File, Format Version 12.00
# Visual Studio 15
VisualStudioVersion = 15.0.28307.902
MinimumVisualStudioVersion = 10.0.40219.1
Project("{FAE04EC0-301F-11D3-BF4B-00C04F79EFBC}") = "RevitDevelop", "RevitDevelop\RevitDevelop.csproj", "{CDA6839F-F5D5-4ABC-AE75-254DAE470635}"
EndProject
Global
	GlobalSection(SolutionConfigurationPlatforms) = preSolution
		Debug|Any CPU = Debug|Any CPU
		Release|Any CPU = Release|Any CPU
	EndGlobalSection
	GlobalSection(ProjectConfigurationPlatforms) = postSolution
		{CDA6839F-F5D5-4ABC-AE75-254DAE470635}.Debug|Any CPU.ActiveCfg = Debug|Any CPU
		{CDA6839F-F5D5-4ABC-AE75-254DAE470635}.Debug|Any CPU.Build.0 = Debug|Any CPU
		{CDA6839F-F5D5-4ABC-AE75-254DAE470635}.Release|Any CPU.ActiveCfg = Release|Any CPU
		{CDA6839F-F5D5-4ABC-AE75-254DAE470635}.Release|Any CPU.Build.0 = Release|Any CPU
	EndGlobalSection
	GlobalSection(SolutionProperties) = preSolution
		HideSolutionNode = FALSE
	EndGlobalSection
	GlobalSection(ExtensibilityGlobals) = postSolution
		SolutionGuid = {A17698A3-4027-49F3-9935-5FA7B7DF72F8}
	EndGlobalSection
EndGlobal
